
Microsoft Visual Studio Solution File, Format Version 12.00
# Visual Studio Version 17
VisualStudioVersion = 17.9.34728.123
MinimumVisualStudioVersion = 10.0.40219.1
Project("{FAE04EC0-301F-11D3-BF4B-00C04F79EFBC}") = "WebApplicationFlowSync", "WebApplicationFlowSync.csproj", "{5BFC3756-1FC0-414E-AE80-BA00695532C3}"
EndProject
Global
	GlobalSection(SolutionConfigurationPlatforms) = preSolution
		Debug|Any CPU = Debug|Any CPU
		Release|Any CPU = Release|Any CPU
	EndGlobalSection
	GlobalSection(ProjectConfigurationPlatforms) = postSolution
		{5BFC3756-1FC0-414E-AE80-BA00695532C3}.Debug|Any CPU.ActiveCfg = Debug|Any CPU
		{5BFC3756-1FC0-414E-AE80-BA00695532C3}.Debug|Any CPU.Build.0 = Debug|Any CPU
		{5BFC3756-1FC0-414E-AE80-BA00695532C3}.Release|Any CPU.ActiveCfg = Release|Any CPU
		{5BFC3756-1FC0-414E-AE80-BA00695532C3}.Release|Any CPU.Build.0 = Release|Any CPU
	EndGlobalSection
	GlobalSection(SolutionProperties) = preSolution
		HideSolutionNode = FALSE
	EndGlobalSection
	GlobalSection(ExtensibilityGlobals) = postSolution
		SolutionGuid = {616D8AE3-0BD1-46EC-93C0-250FD0D1B9B1}
	EndGlobalSection
EndGlobal
